
Microsoft Visual Studio Solution File, Format Version 12.00
# Visual Studio Version 17
VisualStudioVersion = 17.4.33110.190
MinimumVisualStudioVersion = 10.0.40219.1
Project("{FAE04EC0-301F-11D3-BF4B-00C04F79EFBC}") = "RettangoloParse", "RettangoloParse\RettangoloParse.csproj", "{DFFFE740-0A25-4FF2-AAB5-899456B857A9}"
EndProject
Global
	GlobalSection(SolutionConfigurationPlatforms) = preSolution
		Debug|Any CPU = Debug|Any CPU
		Release|Any CPU = Release|Any CPU
	EndGlobalSection
	GlobalSection(ProjectConfigurationPlatforms) = postSolution
		{DFFFE740-0A25-4FF2-AAB5-899456B857A9}.Debug|Any CPU.ActiveCfg = Debug|Any CPU
		{DFFFE740-0A25-4FF2-AAB5-899456B857A9}.Debug|Any CPU.Build.0 = Debug|Any CPU
		{DFFFE740-0A25-4FF2-AAB5-899456B857A9}.Release|Any CPU.ActiveCfg = Release|Any CPU
		{DFFFE740-0A25-4FF2-AAB5-899456B857A9}.Release|Any CPU.Build.0 = Release|Any CPU
	EndGlobalSection
	GlobalSection(SolutionProperties) = preSolution
		HideSolutionNode = FALSE
	EndGlobalSection
	GlobalSection(ExtensibilityGlobals) = postSolution
		SolutionGuid = {BBD06B4D-D42F-430F-BF9C-ED7DA0B00383}
	EndGlobalSection
EndGlobal
